// !$*UTF8*$!
{
	archiveVersion = 1;
	classes = {
	};
	objectVersion = 46;
	objects = {

/* Begin PBXBuildFile section */
		7A1E332A1C568085005BB8B9 /* list.swift in Sources */ = {isa = PBXBuildFile; fileRef = 7A1E33291C568085005BB8B9 /* list.swift */; };
		7A1E332C1C56D2BC005BB8B9 /* head.swift in Sources */ = {isa = PBXBuildFile; fileRef = 7A1E332B1C56D2BC005BB8B9 /* head.swift */; };
		7A1E332E1C56D2C8005BB8B9 /* tail.swift in Sources */ = {isa = PBXBuildFile; fileRef = 7A1E332D1C56D2C8005BB8B9 /* tail.swift */; };
		7AC986191C557F5700B00849 /* add.swift in Sources */ = {isa = PBXBuildFile; fileRef = 7AC986081C557F5700B00849 /* add.swift */; };
		7AC9861A1C557F5700B00849 /* nary_operator.swift in Sources */ = {isa = PBXBuildFile; fileRef = 7AC986091C557F5700B00849 /* nary_operator.swift */; };
		7AC9861B1C557F5700B00849 /* and.swift in Sources */ = {isa = PBXBuildFile; fileRef = 7AC9860A1C557F5700B00849 /* and.swift */; };
		7AC9861E1C557F5700B00849 /* const.swift in Sources */ = {isa = PBXBuildFile; fileRef = 7AC9860D1C557F5700B00849 /* const.swift */; };
		7AC9861F1C557F5700B00849 /* div.swift in Sources */ = {isa = PBXBuildFile; fileRef = 7AC9860E1C557F5700B00849 /* div.swift */; };
		7AC986201C557F5700B00849 /* equal.swift in Sources */ = {isa = PBXBuildFile; fileRef = 7AC9860F1C557F5700B00849 /* equal.swift */; };
		7AC986211C557F5700B00849 /* expr.swift in Sources */ = {isa = PBXBuildFile; fileRef = 7AC986101C557F5700B00849 /* expr.swift */; };
		7AC986221C557F5700B00849 /* greater_than.swift in Sources */ = {isa = PBXBuildFile; fileRef = 7AC986111C557F5700B00849 /* greater_than.swift */; };
		7AC986231C557F5700B00849 /* less_than.swift in Sources */ = {isa = PBXBuildFile; fileRef = 7AC986121C557F5700B00849 /* less_than.swift */; };
		7AC986241C557F5700B00849 /* mul.swift in Sources */ = {isa = PBXBuildFile; fileRef = 7AC986131C557F5700B00849 /* mul.swift */; };
		7AC986251C557F5700B00849 /* not.swift in Sources */ = {isa = PBXBuildFile; fileRef = 7AC986141C557F5700B00849 /* not.swift */; };
		7AC986261C557F5700B00849 /* or.swift in Sources */ = {isa = PBXBuildFile; fileRef = 7AC986151C557F5700B00849 /* or.swift */; };
		7AC986281C557F5700B00849 /* sub.swift in Sources */ = {isa = PBXBuildFile; fileRef = 7AC986171C557F5700B00849 /* sub.swift */; };
		7AC986291C557F5700B00849 /* var.swift in Sources */ = {isa = PBXBuildFile; fileRef = 7AC986181C557F5700B00849 /* var.swift */; };
		7AC9862B1C5604AE00B00849 /* string_utils.swift in Sources */ = {isa = PBXBuildFile; fileRef = 7AC9862A1C5604AE00B00849 /* string_utils.swift */; };
		7AC9862D1C5606D500B00849 /* value.swift in Sources */ = {isa = PBXBuildFile; fileRef = 7AC9862C1C5606D500B00849 /* value.swift */; };
		7AFC06F51C53A20100C839DD /* parse.swift in Sources */ = {isa = PBXBuildFile; fileRef = 7AFC06F11C53A20100C839DD /* parse.swift */; };
		7AFC06F61C53A20100C839DD /* token_stream.swift in Sources */ = {isa = PBXBuildFile; fileRef = 7AFC06F21C53A20100C839DD /* token_stream.swift */; };
		7AFC06F71C53A20100C839DD /* token.swift in Sources */ = {isa = PBXBuildFile; fileRef = 7AFC06F31C53A20100C839DD /* token.swift */; };
		7AFC06F81C53A20100C839DD /* tokenize.swift in Sources */ = {isa = PBXBuildFile; fileRef = 7AFC06F41C53A20100C839DD /* tokenize.swift */; };
		7AFC07281C53A22300C839DD /* assert.swift in Sources */ = {isa = PBXBuildFile; fileRef = 7AFC071B1C53A22300C839DD /* assert.swift */; };
		7AFC07291C53A22300C839DD /* assign.swift in Sources */ = {isa = PBXBuildFile; fileRef = 7AFC071C1C53A22300C839DD /* assign.swift */; };
		7AFC072A1C53A22300C839DD /* choose.swift in Sources */ = {isa = PBXBuildFile; fileRef = 7AFC071D1C53A22300C839DD /* choose.swift */; };
		7AFC072B1C53A22300C839DD /* domain.swift in Sources */ = {isa = PBXBuildFile; fileRef = 7AFC071E1C53A22300C839DD /* domain.swift */; };
		7AFC072C1C53A22300C839DD /* empty.swift in Sources */ = {isa = PBXBuildFile; fileRef = 7AFC071F1C53A22300C839DD /* empty.swift */; };
		7AFC072D1C53A22300C839DD /* func_call.swift in Sources */ = {isa = PBXBuildFile; fileRef = 7AFC07201C53A22300C839DD /* func_call.swift */; };
		7AFC072E1C53A22300C839DD /* func_decl.swift in Sources */ = {isa = PBXBuildFile; fileRef = 7AFC07211C53A22300C839DD /* func_decl.swift */; };
		7AFC072F1C53A22300C839DD /* if.swift in Sources */ = {isa = PBXBuildFile; fileRef = 7AFC07221C53A22300C839DD /* if.swift */; };
		7AFC07301C53A22300C839DD /* print.swift in Sources */ = {isa = PBXBuildFile; fileRef = 7AFC07231C53A22300C839DD /* print.swift */; };
		7AFC07311C53A22300C839DD /* program.swift in Sources */ = {isa = PBXBuildFile; fileRef = 7AFC07241C53A22300C839DD /* program.swift */; };
		7AFC07321C53A22300C839DD /* repeat.swift in Sources */ = {isa = PBXBuildFile; fileRef = 7AFC07251C53A22300C839DD /* repeat.swift */; };
		7AFC07331C53A22300C839DD /* sequence.swift in Sources */ = {isa = PBXBuildFile; fileRef = 7AFC07261C53A22300C839DD /* sequence.swift */; };
		7AFC07341C53A22300C839DD /* while.swift in Sources */ = {isa = PBXBuildFile; fileRef = 7AFC07271C53A22300C839DD /* while.swift */; };
		7AFC07381C53A22E00C839DD /* tests.swift in Sources */ = {isa = PBXBuildFile; fileRef = 7AFC07351C53A22E00C839DD /* tests.swift */; };
		7AFC07391C53A22E00C839DD /* main.swift in Sources */ = {isa = PBXBuildFile; fileRef = 7AFC07361C53A22E00C839DD /* main.swift */; };
		7AFC073A1C53A22E00C839DD /* state.swift in Sources */ = {isa = PBXBuildFile; fileRef = 7AFC07371C53A22E00C839DD /* state.swift */; };
		7AFC073C1C53D82000C839DD /* generator_utils.swift in Sources */ = {isa = PBXBuildFile; fileRef = 7AFC073B1C53D82000C839DD /* generator_utils.swift */; };
/* End PBXBuildFile section */

/* Begin PBXCopyFilesBuildPhase section */
		7A3D04CD1C418A0D00C56AE5 /* CopyFiles */ = {
			isa = PBXCopyFilesBuildPhase;
			buildActionMask = 2147483647;
			dstPath = /usr/share/man/man1/;
			dstSubfolderSpec = 0;
			files = (
			);
			runOnlyForDeploymentPostprocessing = 1;
		};
/* End PBXCopyFilesBuildPhase section */

/* Begin PBXFileReference section */
		7A1E33291C568085005BB8B9 /* list.swift */ = {isa = PBXFileReference; fileEncoding = 4; lastKnownFileType = sourcecode.swift; name = list.swift; path = src/expr/list.swift; sourceTree = "<group>"; };
		7A1E332B1C56D2BC005BB8B9 /* head.swift */ = {isa = PBXFileReference; fileEncoding = 4; lastKnownFileType = sourcecode.swift; name = head.swift; path = src/expr/head.swift; sourceTree = "<group>"; };
		7A1E332D1C56D2C8005BB8B9 /* tail.swift */ = {isa = PBXFileReference; fileEncoding = 4; lastKnownFileType = sourcecode.swift; name = tail.swift; path = src/expr/tail.swift; sourceTree = "<group>"; };
		7A3D04CF1C418A0D00C56AE5 /* ND */ = {isa = PBXFileReference; explicitFileType = "compiled.mach-o.executable"; includeInIndex = 0; path = ND; sourceTree = BUILT_PRODUCTS_DIR; };
		7AC986081C557F5700B00849 /* add.swift */ = {isa = PBXFileReference; fileEncoding = 4; lastKnownFileType = sourcecode.swift; name = add.swift; path = src/expr/add.swift; sourceTree = "<group>"; };
		7AC986091C557F5700B00849 /* nary_operator.swift */ = {isa = PBXFileReference; fileEncoding = 4; lastKnownFileType = sourcecode.swift; name = nary_operator.swift; path = src/expr/nary_operator.swift; sourceTree = "<group>"; };
		7AC9860A1C557F5700B00849 /* and.swift */ = {isa = PBXFileReference; fileEncoding = 4; lastKnownFileType = sourcecode.swift; name = and.swift; path = src/expr/and.swift; sourceTree = "<group>"; };
		7AC9860D1C557F5700B00849 /* const.swift */ = {isa = PBXFileReference; fileEncoding = 4; lastKnownFileType = sourcecode.swift; name = const.swift; path = src/expr/const.swift; sourceTree = "<group>"; };
		7AC9860E1C557F5700B00849 /* div.swift */ = {isa = PBXFileReference; fileEncoding = 4; lastKnownFileType = sourcecode.swift; name = div.swift; path = src/expr/div.swift; sourceTree = "<group>"; };
		7AC9860F1C557F5700B00849 /* equal.swift */ = {isa = PBXFileReference; fileEncoding = 4; lastKnownFileType = sourcecode.swift; name = equal.swift; path = src/expr/equal.swift; sourceTree = "<group>"; };
		7AC986101C557F5700B00849 /* expr.swift */ = {isa = PBXFileReference; fileEncoding = 4; lastKnownFileType = sourcecode.swift; name = expr.swift; path = src/expr/expr.swift; sourceTree = "<group>"; };
		7AC986111C557F5700B00849 /* greater_than.swift */ = {isa = PBXFileReference; fileEncoding = 4; lastKnownFileType = sourcecode.swift; name = greater_than.swift; path = src/expr/greater_than.swift; sourceTree = "<group>"; };
		7AC986121C557F5700B00849 /* less_than.swift */ = {isa = PBXFileReference; fileEncoding = 4; lastKnownFileType = sourcecode.swift; name = less_than.swift; path = src/expr/less_than.swift; sourceTree = "<group>"; };
		7AC986131C557F5700B00849 /* mul.swift */ = {isa = PBXFileReference; fileEncoding = 4; lastKnownFileType = sourcecode.swift; name = mul.swift; path = src/expr/mul.swift; sourceTree = "<group>"; };
		7AC986141C557F5700B00849 /* not.swift */ = {isa = PBXFileReference; fileEncoding = 4; lastKnownFileType = sourcecode.swift; name = not.swift; path = src/expr/not.swift; sourceTree = "<group>"; };
		7AC986151C557F5700B00849 /* or.swift */ = {isa = PBXFileReference; fileEncoding = 4; lastKnownFileType = sourcecode.swift; name = or.swift; path = src/expr/or.swift; sourceTree = "<group>"; };
		7AC986171C557F5700B00849 /* sub.swift */ = {isa = PBXFileReference; fileEncoding = 4; lastKnownFileType = sourcecode.swift; name = sub.swift; path = src/expr/sub.swift; sourceTree = "<group>"; };
		7AC986181C557F5700B00849 /* var.swift */ = {isa = PBXFileReference; fileEncoding = 4; lastKnownFileType = sourcecode.swift; name = var.swift; path = src/expr/var.swift; sourceTree = "<group>"; };
		7AC9862A1C5604AE00B00849 /* string_utils.swift */ = {isa = PBXFileReference; fileEncoding = 4; lastKnownFileType = sourcecode.swift; name = string_utils.swift; path = src/string_utils.swift; sourceTree = "<group>"; };
		7AC9862C1C5606D500B00849 /* value.swift */ = {isa = PBXFileReference; fileEncoding = 4; lastKnownFileType = sourcecode.swift; name = value.swift; path = src/value.swift; sourceTree = "<group>"; };
		7AFC06F11C53A20100C839DD /* parse.swift */ = {isa = PBXFileReference; fileEncoding = 4; lastKnownFileType = sourcecode.swift; name = parse.swift; path = src/parsing/parse.swift; sourceTree = "<group>"; };
		7AFC06F21C53A20100C839DD /* token_stream.swift */ = {isa = PBXFileReference; fileEncoding = 4; lastKnownFileType = sourcecode.swift; name = token_stream.swift; path = src/parsing/token_stream.swift; sourceTree = "<group>"; };
		7AFC06F31C53A20100C839DD /* token.swift */ = {isa = PBXFileReference; fileEncoding = 4; lastKnownFileType = sourcecode.swift; name = token.swift; path = src/parsing/token.swift; sourceTree = "<group>"; };
		7AFC06F41C53A20100C839DD /* tokenize.swift */ = {isa = PBXFileReference; fileEncoding = 4; lastKnownFileType = sourcecode.swift; name = tokenize.swift; path = src/parsing/tokenize.swift; sourceTree = "<group>"; };
		7AFC071B1C53A22300C839DD /* assert.swift */ = {isa = PBXFileReference; fileEncoding = 4; lastKnownFileType = sourcecode.swift; name = assert.swift; path = src/program/assert.swift; sourceTree = "<group>"; };
		7AFC071C1C53A22300C839DD /* assign.swift */ = {isa = PBXFileReference; fileEncoding = 4; lastKnownFileType = sourcecode.swift; name = assign.swift; path = src/program/assign.swift; sourceTree = "<group>"; };
		7AFC071D1C53A22300C839DD /* choose.swift */ = {isa = PBXFileReference; fileEncoding = 4; lastKnownFileType = sourcecode.swift; name = choose.swift; path = src/program/choose.swift; sourceTree = "<group>"; };
		7AFC071E1C53A22300C839DD /* domain.swift */ = {isa = PBXFileReference; fileEncoding = 4; lastKnownFileType = sourcecode.swift; name = domain.swift; path = src/program/domain.swift; sourceTree = "<group>"; };
		7AFC071F1C53A22300C839DD /* empty.swift */ = {isa = PBXFileReference; fileEncoding = 4; lastKnownFileType = sourcecode.swift; name = empty.swift; path = src/program/empty.swift; sourceTree = "<group>"; };
		7AFC07201C53A22300C839DD /* func_call.swift */ = {isa = PBXFileReference; fileEncoding = 4; lastKnownFileType = sourcecode.swift; name = func_call.swift; path = src/program/func_call.swift; sourceTree = "<group>"; };
		7AFC07211C53A22300C839DD /* func_decl.swift */ = {isa = PBXFileReference; fileEncoding = 4; lastKnownFileType = sourcecode.swift; name = func_decl.swift; path = src/program/func_decl.swift; sourceTree = "<group>"; };
		7AFC07221C53A22300C839DD /* if.swift */ = {isa = PBXFileReference; fileEncoding = 4; lastKnownFileType = sourcecode.swift; name = if.swift; path = src/program/if.swift; sourceTree = "<group>"; };
		7AFC07231C53A22300C839DD /* print.swift */ = {isa = PBXFileReference; fileEncoding = 4; lastKnownFileType = sourcecode.swift; name = print.swift; path = src/program/print.swift; sourceTree = "<group>"; };
		7AFC07241C53A22300C839DD /* program.swift */ = {isa = PBXFileReference; fileEncoding = 4; lastKnownFileType = sourcecode.swift; name = program.swift; path = src/program/program.swift; sourceTree = "<group>"; };
		7AFC07251C53A22300C839DD /* repeat.swift */ = {isa = PBXFileReference; fileEncoding = 4; lastKnownFileType = sourcecode.swift; name = repeat.swift; path = src/program/repeat.swift; sourceTree = "<group>"; };
		7AFC07261C53A22300C839DD /* sequence.swift */ = {isa = PBXFileReference; fileEncoding = 4; lastKnownFileType = sourcecode.swift; name = sequence.swift; path = src/program/sequence.swift; sourceTree = "<group>"; };
		7AFC07271C53A22300C839DD /* while.swift */ = {isa = PBXFileReference; fileEncoding = 4; lastKnownFileType = sourcecode.swift; name = while.swift; path = src/program/while.swift; sourceTree = "<group>"; };
		7AFC07351C53A22E00C839DD /* tests.swift */ = {isa = PBXFileReference; fileEncoding = 4; lastKnownFileType = sourcecode.swift; name = tests.swift; path = src/tests.swift; sourceTree = "<group>"; };
		7AFC07361C53A22E00C839DD /* main.swift */ = {isa = PBXFileReference; fileEncoding = 4; lastKnownFileType = sourcecode.swift; name = main.swift; path = src/main.swift; sourceTree = "<group>"; };
		7AFC07371C53A22E00C839DD /* state.swift */ = {isa = PBXFileReference; fileEncoding = 4; lastKnownFileType = sourcecode.swift; name = state.swift; path = src/state.swift; sourceTree = "<group>"; };
		7AFC073B1C53D82000C839DD /* generator_utils.swift */ = {isa = PBXFileReference; fileEncoding = 4; lastKnownFileType = sourcecode.swift; name = generator_utils.swift; path = src/generator_utils.swift; sourceTree = "<group>"; };
/* End PBXFileReference section */

/* Begin PBXFrameworksBuildPhase section */
		7A3D04CC1C418A0D00C56AE5 /* Frameworks */ = {
			isa = PBXFrameworksBuildPhase;
			buildActionMask = 2147483647;
			files = (
			);
			runOnlyForDeploymentPostprocessing = 0;
		};
/* End PBXFrameworksBuildPhase section */

/* Begin PBXGroup section */
		7A3D04C61C418A0D00C56AE5 = {
			isa = PBXGroup;
			children = (
				7AFC06EC1C53A19C00C839DD /* src */,
				7A3D04D01C418A0D00C56AE5 /* Products */,
			);
			sourceTree = "<group>";
		};
		7A3D04D01C418A0D00C56AE5 /* Products */ = {
			isa = PBXGroup;
			children = (
				7A3D04CF1C418A0D00C56AE5 /* ND */,
			);
			name = Products;
			sourceTree = "<group>";
		};
		7AC986071C557F4800B00849 /* expr */ = {
			isa = PBXGroup;
			children = (
				7AC986081C557F5700B00849 /* add.swift */,
				7AC986091C557F5700B00849 /* nary_operator.swift */,
				7AC9860A1C557F5700B00849 /* and.swift */,
				7AC9860D1C557F5700B00849 /* const.swift */,
				7AC9860E1C557F5700B00849 /* div.swift */,
				7AC9860F1C557F5700B00849 /* equal.swift */,
				7AC986101C557F5700B00849 /* expr.swift */,
				7AC986111C557F5700B00849 /* greater_than.swift */,
				7AC986121C557F5700B00849 /* less_than.swift */,
				7A1E33291C568085005BB8B9 /* list.swift */,
				7AC986131C557F5700B00849 /* mul.swift */,
				7AC986141C557F5700B00849 /* not.swift */,
				7AC986151C557F5700B00849 /* or.swift */,
				7AC986171C557F5700B00849 /* sub.swift */,
				7AC986181C557F5700B00849 /* var.swift */,
				7A1E332B1C56D2BC005BB8B9 /* head.swift */,
				7A1E332D1C56D2C8005BB8B9 /* tail.swift */,
			);
			name = expr;
			sourceTree = "<group>";
		};
		7AFC06EC1C53A19C00C839DD /* src */ = {
			isa = PBXGroup;
			children = (
				7AFC06EF1C53A1D500C839DD /* parsing */,
				7AC986071C557F4800B00849 /* expr */,
				7AFC06F01C53A1DA00C839DD /* program */,
				7AFC07351C53A22E00C839DD /* tests.swift */,
				7AFC07361C53A22E00C839DD /* main.swift */,
				7AFC07371C53A22E00C839DD /* state.swift */,
				7AFC073B1C53D82000C839DD /* generator_utils.swift */,
				7AC9862A1C5604AE00B00849 /* string_utils.swift */,
				7AC9862C1C5606D500B00849 /* value.swift */,
			);
			name = src;
			sourceTree = "<group>";
		};
		7AFC06EF1C53A1D500C839DD /* parsing */ = {
			isa = PBXGroup;
			children = (
				7AFC06F11C53A20100C839DD /* parse.swift */,
				7AFC06F21C53A20100C839DD /* token_stream.swift */,
				7AFC06F31C53A20100C839DD /* token.swift */,
				7AFC06F41C53A20100C839DD /* tokenize.swift */,
			);
			name = parsing;
			sourceTree = "<group>";
		};
		7AFC06F01C53A1DA00C839DD /* program */ = {
			isa = PBXGroup;
			children = (
				7AFC071B1C53A22300C839DD /* assert.swift */,
				7AFC071C1C53A22300C839DD /* assign.swift */,
				7AFC071D1C53A22300C839DD /* choose.swift */,
				7AFC071E1C53A22300C839DD /* domain.swift */,
				7AFC071F1C53A22300C839DD /* empty.swift */,
				7AFC07201C53A22300C839DD /* func_call.swift */,
				7AFC07211C53A22300C839DD /* func_decl.swift */,
				7AFC07221C53A22300C839DD /* if.swift */,
				7AFC07231C53A22300C839DD /* print.swift */,
				7AFC07241C53A22300C839DD /* program.swift */,
				7AFC07251C53A22300C839DD /* repeat.swift */,
				7AFC07261C53A22300C839DD /* sequence.swift */,
				7AFC07271C53A22300C839DD /* while.swift */,
			);
			name = program;
			sourceTree = "<group>";
		};
/* End PBXGroup section */

/* Begin PBXNativeTarget section */
		7A3D04CE1C418A0D00C56AE5 /* ND */ = {
			isa = PBXNativeTarget;
			buildConfigurationList = 7A3D04D61C418A0D00C56AE5 /* Build configuration list for PBXNativeTarget "ND" */;
			buildPhases = (
				7A3D04CB1C418A0D00C56AE5 /* Sources */,
				7A3D04CC1C418A0D00C56AE5 /* Frameworks */,
				7A3D04CD1C418A0D00C56AE5 /* CopyFiles */,
			);
			buildRules = (
			);
			dependencies = (
			);
			name = ND;
			productName = ND;
			productReference = 7A3D04CF1C418A0D00C56AE5 /* ND */;
			productType = "com.apple.product-type.tool";
		};
/* End PBXNativeTarget section */

/* Begin PBXProject section */
		7A3D04C71C418A0D00C56AE5 /* Project object */ = {
			isa = PBXProject;
			attributes = {
				LastSwiftUpdateCheck = 0720;
				LastUpgradeCheck = 0720;
				ORGANIZATIONNAME = "Federico Ferri";
				TargetAttributes = {
					7A3D04CE1C418A0D00C56AE5 = {
						CreatedOnToolsVersion = 7.2;
					};
				};
			};
			buildConfigurationList = 7A3D04CA1C418A0D00C56AE5 /* Build configuration list for PBXProject "ND" */;
			compatibilityVersion = "Xcode 3.2";
			developmentRegion = English;
			hasScannedForEncodings = 0;
			knownRegions = (
				en,
			);
			mainGroup = 7A3D04C61C418A0D00C56AE5;
			productRefGroup = 7A3D04D01C418A0D00C56AE5 /* Products */;
			projectDirPath = "";
			projectRoot = "";
			targets = (
				7A3D04CE1C418A0D00C56AE5 /* ND */,
			);
		};
/* End PBXProject section */

/* Begin PBXSourcesBuildPhase section */
		7A3D04CB1C418A0D00C56AE5 /* Sources */ = {
			isa = PBXSourcesBuildPhase;
			buildActionMask = 2147483647;
			files = (
				7AC9862B1C5604AE00B00849 /* string_utils.swift in Sources */,
				7AFC07301C53A22300C839DD /* print.swift in Sources */,
				7AFC07391C53A22E00C839DD /* main.swift in Sources */,
				7AC986241C557F5700B00849 /* mul.swift in Sources */,
				7AFC06F71C53A20100C839DD /* token.swift in Sources */,
				7AFC07321C53A22300C839DD /* repeat.swift in Sources */,
				7AFC072F1C53A22300C839DD /* if.swift in Sources */,
				7AFC072C1C53A22300C839DD /* empty.swift in Sources */,
				7AC986211C557F5700B00849 /* expr.swift in Sources */,
				7AFC072A1C53A22300C839DD /* choose.swift in Sources */,
				7AC9862D1C5606D500B00849 /* value.swift in Sources */,
				7AC9861F1C557F5700B00849 /* div.swift in Sources */,
				7AC986201C557F5700B00849 /* equal.swift in Sources */,
				7AFC06F51C53A20100C839DD /* parse.swift in Sources */,
				7AC986281C557F5700B00849 /* sub.swift in Sources */,
				7AC986261C557F5700B00849 /* or.swift in Sources */,
				7AC986231C557F5700B00849 /* less_than.swift in Sources */,
				7AC986251C557F5700B00849 /* not.swift in Sources */,
				7A1E332C1C56D2BC005BB8B9 /* head.swift in Sources */,
				7AFC07291C53A22300C839DD /* assign.swift in Sources */,
				7AFC07331C53A22300C839DD /* sequence.swift in Sources */,
				7AFC07311C53A22300C839DD /* program.swift in Sources */,
				7AFC073A1C53A22E00C839DD /* state.swift in Sources */,
				7AFC073C1C53D82000C839DD /* generator_utils.swift in Sources */,
				7AFC072E1C53A22300C839DD /* func_decl.swift in Sources */,
				7AFC072B1C53A22300C839DD /* domain.swift in Sources */,
				7AFC06F81C53A20100C839DD /* tokenize.swift in Sources */,
				7AFC07381C53A22E00C839DD /* tests.swift in Sources */,
				7AFC07341C53A22300C839DD /* while.swift in Sources */,
				7AFC06F61C53A20100C839DD /* token_stream.swift in Sources */,
				7AFC07281C53A22300C839DD /* assert.swift in Sources */,
				7AC9861A1C557F5700B00849 /* nary_operator.swift in Sources */,
				7AFC072D1C53A22300C839DD /* func_call.swift in Sources */,
				7AC9861E1C557F5700B00849 /* const.swift in Sources */,
				7AC986191C557F5700B00849 /* add.swift in Sources */,
				7AC986291C557F5700B00849 /* var.swift in Sources */,
				7AC986221C557F5700B00849 /* greater_than.swift in Sources */,
				7AC9861B1C557F5700B00849 /* and.swift in Sources */,
				7A1E332A1C568085005BB8B9 /* list.swift in Sources */,
				7A1E332E1C56D2C8005BB8B9 /* tail.swift in Sources */,
			);
			runOnlyForDeploymentPostprocessing = 0;
		};
/* End PBXSourcesBuildPhase section */

/* Begin XCBuildConfiguration section */
		7A3D04D41C418A0D00C56AE5 /* Debug */ = {
			isa = XCBuildConfiguration;
			buildSettings = {
				ALWAYS_SEARCH_USER_PATHS = NO;
				CLANG_CXX_LANGUAGE_STANDARD = "gnu++0x";
				CLANG_CXX_LIBRARY = "libc++";
				CLANG_ENABLE_MODULES = YES;
				CLANG_ENABLE_OBJC_ARC = YES;
				CLANG_WARN_BOOL_CONVERSION = YES;
				CLANG_WARN_CONSTANT_CONVERSION = YES;
				CLANG_WARN_DIRECT_OBJC_ISA_USAGE = YES_ERROR;
				CLANG_WARN_EMPTY_BODY = YES;
				CLANG_WARN_ENUM_CONVERSION = YES;
				CLANG_WARN_INT_CONVERSION = YES;
				CLANG_WARN_OBJC_ROOT_CLASS = YES_ERROR;
				CLANG_WARN_UNREACHABLE_CODE = YES;
				CLANG_WARN__DUPLICATE_METHOD_MATCH = YES;
				CODE_SIGN_IDENTITY = "-";
				COPY_PHASE_STRIP = NO;
				DEBUG_INFORMATION_FORMAT = dwarf;
				ENABLE_STRICT_OBJC_MSGSEND = YES;
				ENABLE_TESTABILITY = YES;
				GCC_C_LANGUAGE_STANDARD = gnu99;
				GCC_DYNAMIC_NO_PIC = NO;
				GCC_NO_COMMON_BLOCKS = YES;
				GCC_OPTIMIZATION_LEVEL = 0;
				GCC_PREPROCESSOR_DEFINITIONS = (
					"DEBUG=1",
					"$(inherited)",
				);
				GCC_WARN_64_TO_32_BIT_CONVERSION = YES;
				GCC_WARN_ABOUT_RETURN_TYPE = YES_ERROR;
				GCC_WARN_UNDECLARED_SELECTOR = YES;
				GCC_WARN_UNINITIALIZED_AUTOS = YES_AGGRESSIVE;
				GCC_WARN_UNUSED_FUNCTION = YES;
				GCC_WARN_UNUSED_VARIABLE = YES;
				MACOSX_DEPLOYMENT_TARGET = 10.11;
				MTL_ENABLE_DEBUG_INFO = YES;
				ONLY_ACTIVE_ARCH = YES;
				SDKROOT = macosx;
				SWIFT_OPTIMIZATION_LEVEL = "-Onone";
			};
			name = Debug;
		};
		7A3D04D51C418A0D00C56AE5 /* Release */ = {
			isa = XCBuildConfiguration;
			buildSettings = {
				ALWAYS_SEARCH_USER_PATHS = NO;
				CLANG_CXX_LANGUAGE_STANDARD = "gnu++0x";
				CLANG_CXX_LIBRARY = "libc++";
				CLANG_ENABLE_MODULES = YES;
				CLANG_ENABLE_OBJC_ARC = YES;
				CLANG_WARN_BOOL_CONVERSION = YES;
				CLANG_WARN_CONSTANT_CONVERSION = YES;
				CLANG_WARN_DIRECT_OBJC_ISA_USAGE = YES_ERROR;
				CLANG_WARN_EMPTY_BODY = YES;
				CLANG_WARN_ENUM_CONVERSION = YES;
				CLANG_WARN_INT_CONVERSION = YES;
				CLANG_WARN_OBJC_ROOT_CLASS = YES_ERROR;
				CLANG_WARN_UNREACHABLE_CODE = YES;
				CLANG_WARN__DUPLICATE_METHOD_MATCH = YES;
				CODE_SIGN_IDENTITY = "-";
				COPY_PHASE_STRIP = NO;
				DEBUG_INFORMATION_FORMAT = "dwarf-with-dsym";
				ENABLE_NS_ASSERTIONS = NO;
				ENABLE_STRICT_OBJC_MSGSEND = YES;
				GCC_C_LANGUAGE_STANDARD = gnu99;
				GCC_NO_COMMON_BLOCKS = YES;
				GCC_WARN_64_TO_32_BIT_CONVERSION = YES;
				GCC_WARN_ABOUT_RETURN_TYPE = YES_ERROR;
				GCC_WARN_UNDECLARED_SELECTOR = YES;
				GCC_WARN_UNINITIALIZED_AUTOS = YES_AGGRESSIVE;
				GCC_WARN_UNUSED_FUNCTION = YES;
				GCC_WARN_UNUSED_VARIABLE = YES;
				MACOSX_DEPLOYMENT_TARGET = 10.11;
				MTL_ENABLE_DEBUG_INFO = NO;
				SDKROOT = macosx;
			};
			name = Release;
		};
		7A3D04D71C418A0D00C56AE5 /* Debug */ = {
			isa = XCBuildConfiguration;
			buildSettings = {
				CLANG_ENABLE_MODULES = YES;
				LD_RUNPATH_SEARCH_PATHS = "$(inherited) @executable_path/../Frameworks @loader_path/../Frameworks";
				PRODUCT_NAME = "$(TARGET_NAME)";
				SWIFT_OPTIMIZATION_LEVEL = "-Onone";
			};
			name = Debug;
		};
		7A3D04D81C418A0D00C56AE5 /* Release */ = {
			isa = XCBuildConfiguration;
			buildSettings = {
				CLANG_ENABLE_MODULES = YES;
				LD_RUNPATH_SEARCH_PATHS = "$(inherited) @executable_path/../Frameworks @loader_path/../Frameworks";
				PRODUCT_NAME = "$(TARGET_NAME)";
			};
			name = Release;
		};
/* End XCBuildConfiguration section */

/* Begin XCConfigurationList section */
		7A3D04CA1C418A0D00C56AE5 /* Build configuration list for PBXProject "ND" */ = {
			isa = XCConfigurationList;
			buildConfigurations = (
				7A3D04D41C418A0D00C56AE5 /* Debug */,
				7A3D04D51C418A0D00C56AE5 /* Release */,
			);
			defaultConfigurationIsVisible = 0;
			defaultConfigurationName = Release;
		};
		7A3D04D61C418A0D00C56AE5 /* Build configuration list for PBXNativeTarget "ND" */ = {
			isa = XCConfigurationList;
			buildConfigurations = (
				7A3D04D71C418A0D00C56AE5 /* Debug */,
				7A3D04D81C418A0D00C56AE5 /* Release */,
			);
			defaultConfigurationIsVisible = 0;
			defaultConfigurationName = Release;
		};
/* End XCConfigurationList section */
	};
	rootObject = 7A3D04C71C418A0D00C56AE5 /* Project object */;
}
