// !$*UTF8*$!
{
	archiveVersion = 1;
	classes = {
	};
	objectVersion = 46;
	objects = {

/* Begin PBXBuildFile section */
		7A1EDF751C42BCEE004506E2 /* string_conversions.swift in Sources */ = {isa = PBXBuildFile; fileRef = 7A1EDF741C42BCEE004506E2 /* string_conversions.swift */; };
		7A3D04D31C418A0D00C56AE5 /* main.swift in Sources */ = {isa = PBXBuildFile; fileRef = 7A3D04D21C418A0D00C56AE5 /* main.swift */; };
		7A3D04DA1C41D7E200C56AE5 /* parser.swift in Sources */ = {isa = PBXBuildFile; fileRef = 7A3D04D91C41D7E200C56AE5 /* parser.swift */; };
		7A3D04DE1C41D83F00C56AE5 /* interpreter.swift in Sources */ = {isa = PBXBuildFile; fileRef = 7A3D04DD1C41D83F00C56AE5 /* interpreter.swift */; };
		7A3D04E01C42A0EB00C56AE5 /* tests.swift in Sources */ = {isa = PBXBuildFile; fileRef = 7A3D04DF1C42A0EB00C56AE5 /* tests.swift */; };
/* End PBXBuildFile section */

/* Begin PBXCopyFilesBuildPhase section */
		7A3D04CD1C418A0D00C56AE5 /* CopyFiles */ = {
			isa = PBXCopyFilesBuildPhase;
			buildActionMask = 2147483647;
			dstPath = /usr/share/man/man1/;
			dstSubfolderSpec = 0;
			files = (
			);
			runOnlyForDeploymentPostprocessing = 1;
		};
/* End PBXCopyFilesBuildPhase section */

/* Begin PBXFileReference section */
		7A1EDF741C42BCEE004506E2 /* string_conversions.swift */ = {isa = PBXFileReference; fileEncoding = 4; lastKnownFileType = sourcecode.swift; path = string_conversions.swift; sourceTree = "<group>"; };
		7A3D04CF1C418A0D00C56AE5 /* LISP */ = {isa = PBXFileReference; explicitFileType = "compiled.mach-o.executable"; includeInIndex = 0; path = LISP; sourceTree = BUILT_PRODUCTS_DIR; };
		7A3D04D21C418A0D00C56AE5 /* main.swift */ = {isa = PBXFileReference; lastKnownFileType = sourcecode.swift; path = main.swift; sourceTree = "<group>"; };
		7A3D04D91C41D7E200C56AE5 /* parser.swift */ = {isa = PBXFileReference; fileEncoding = 4; lastKnownFileType = sourcecode.swift; path = parser.swift; sourceTree = "<group>"; };
		7A3D04DD1C41D83F00C56AE5 /* interpreter.swift */ = {isa = PBXFileReference; fileEncoding = 4; lastKnownFileType = sourcecode.swift; path = interpreter.swift; sourceTree = "<group>"; };
		7A3D04DF1C42A0EB00C56AE5 /* tests.swift */ = {isa = PBXFileReference; fileEncoding = 4; lastKnownFileType = sourcecode.swift; path = tests.swift; sourceTree = "<group>"; };
/* End PBXFileReference section */

/* Begin PBXFrameworksBuildPhase section */
		7A3D04CC1C418A0D00C56AE5 /* Frameworks */ = {
			isa = PBXFrameworksBuildPhase;
			buildActionMask = 2147483647;
			files = (
			);
			runOnlyForDeploymentPostprocessing = 0;
		};
/* End PBXFrameworksBuildPhase section */

/* Begin PBXGroup section */
		7A3D04C61C418A0D00C56AE5 = {
			isa = PBXGroup;
			children = (
				7A3D04D11C418A0D00C56AE5 /* LISP */,
				7A3D04D01C418A0D00C56AE5 /* Products */,
			);
			sourceTree = "<group>";
		};
		7A3D04D01C418A0D00C56AE5 /* Products */ = {
			isa = PBXGroup;
			children = (
				7A3D04CF1C418A0D00C56AE5 /* LISP */,
			);
			name = Products;
			sourceTree = "<group>";
		};
		7A3D04D11C418A0D00C56AE5 /* LISP */ = {
			isa = PBXGroup;
			children = (
				7A3D04D21C418A0D00C56AE5 /* main.swift */,
				7A3D04D91C41D7E200C56AE5 /* parser.swift */,
				7A1EDF741C42BCEE004506E2 /* string_conversions.swift */,
				7A3D04DD1C41D83F00C56AE5 /* interpreter.swift */,
				7A3D04DF1C42A0EB00C56AE5 /* tests.swift */,
			);
			path = LISP;
			sourceTree = "<group>";
		};
/* End PBXGroup section */

/* Begin PBXNativeTarget section */
		7A3D04CE1C418A0D00C56AE5 /* LISP */ = {
			isa = PBXNativeTarget;
			buildConfigurationList = 7A3D04D61C418A0D00C56AE5 /* Build configuration list for PBXNativeTarget "LISP" */;
			buildPhases = (
				7A3D04CB1C418A0D00C56AE5 /* Sources */,
				7A3D04CC1C418A0D00C56AE5 /* Frameworks */,
				7A3D04CD1C418A0D00C56AE5 /* CopyFiles */,
			);
			buildRules = (
			);
			dependencies = (
			);
			name = LISP;
			productName = LISP;
			productReference = 7A3D04CF1C418A0D00C56AE5 /* LISP */;
			productType = "com.apple.product-type.tool";
		};
/* End PBXNativeTarget section */

/* Begin PBXProject section */
		7A3D04C71C418A0D00C56AE5 /* Project object */ = {
			isa = PBXProject;
			attributes = {
				LastSwiftUpdateCheck = 0720;
				LastUpgradeCheck = 0720;
				ORGANIZATIONNAME = "Federico Ferri";
				TargetAttributes = {
					7A3D04CE1C418A0D00C56AE5 = {
						CreatedOnToolsVersion = 7.2;
					};
				};
			};
			buildConfigurationList = 7A3D04CA1C418A0D00C56AE5 /* Build configuration list for PBXProject "LISP" */;
			compatibilityVersion = "Xcode 3.2";
			developmentRegion = English;
			hasScannedForEncodings = 0;
			knownRegions = (
				en,
			);
			mainGroup = 7A3D04C61C418A0D00C56AE5;
			productRefGroup = 7A3D04D01C418A0D00C56AE5 /* Products */;
			projectDirPath = "";
			projectRoot = "";
			targets = (
				7A3D04CE1C418A0D00C56AE5 /* LISP */,
			);
		};
/* End PBXProject section */

/* Begin PBXSourcesBuildPhase section */
		7A3D04CB1C418A0D00C56AE5 /* Sources */ = {
			isa = PBXSourcesBuildPhase;
			buildActionMask = 2147483647;
			files = (
				7A3D04DE1C41D83F00C56AE5 /* interpreter.swift in Sources */,
				7A3D04E01C42A0EB00C56AE5 /* tests.swift in Sources */,
				7A3D04DA1C41D7E200C56AE5 /* parser.swift in Sources */,
				7A1EDF751C42BCEE004506E2 /* string_conversions.swift in Sources */,
				7A3D04D31C418A0D00C56AE5 /* main.swift in Sources */,
			);
			runOnlyForDeploymentPostprocessing = 0;
		};
/* End PBXSourcesBuildPhase section */

/* Begin XCBuildConfiguration section */
		7A3D04D41C418A0D00C56AE5 /* Debug */ = {
			isa = XCBuildConfiguration;
			buildSettings = {
				ALWAYS_SEARCH_USER_PATHS = NO;
				CLANG_CXX_LANGUAGE_STANDARD = "gnu++0x";
				CLANG_CXX_LIBRARY = "libc++";
				CLANG_ENABLE_MODULES = YES;
				CLANG_ENABLE_OBJC_ARC = YES;
				CLANG_WARN_BOOL_CONVERSION = YES;
				CLANG_WARN_CONSTANT_CONVERSION = YES;
				CLANG_WARN_DIRECT_OBJC_ISA_USAGE = YES_ERROR;
				CLANG_WARN_EMPTY_BODY = YES;
				CLANG_WARN_ENUM_CONVERSION = YES;
				CLANG_WARN_INT_CONVERSION = YES;
				CLANG_WARN_OBJC_ROOT_CLASS = YES_ERROR;
				CLANG_WARN_UNREACHABLE_CODE = YES;
				CLANG_WARN__DUPLICATE_METHOD_MATCH = YES;
				CODE_SIGN_IDENTITY = "-";
				COPY_PHASE_STRIP = NO;
				DEBUG_INFORMATION_FORMAT = dwarf;
				ENABLE_STRICT_OBJC_MSGSEND = YES;
				ENABLE_TESTABILITY = YES;
				GCC_C_LANGUAGE_STANDARD = gnu99;
				GCC_DYNAMIC_NO_PIC = NO;
				GCC_NO_COMMON_BLOCKS = YES;
				GCC_OPTIMIZATION_LEVEL = 0;
				GCC_PREPROCESSOR_DEFINITIONS = (
					"DEBUG=1",
					"$(inherited)",
				);
				GCC_WARN_64_TO_32_BIT_CONVERSION = YES;
				GCC_WARN_ABOUT_RETURN_TYPE = YES_ERROR;
				GCC_WARN_UNDECLARED_SELECTOR = YES;
				GCC_WARN_UNINITIALIZED_AUTOS = YES_AGGRESSIVE;
				GCC_WARN_UNUSED_FUNCTION = YES;
				GCC_WARN_UNUSED_VARIABLE = YES;
				MACOSX_DEPLOYMENT_TARGET = 10.11;
				MTL_ENABLE_DEBUG_INFO = YES;
				ONLY_ACTIVE_ARCH = YES;
				SDKROOT = macosx;
				SWIFT_OPTIMIZATION_LEVEL = "-Onone";
			};
			name = Debug;
		};
		7A3D04D51C418A0D00C56AE5 /* Release */ = {
			isa = XCBuildConfiguration;
			buildSettings = {
				ALWAYS_SEARCH_USER_PATHS = NO;
				CLANG_CXX_LANGUAGE_STANDARD = "gnu++0x";
				CLANG_CXX_LIBRARY = "libc++";
				CLANG_ENABLE_MODULES = YES;
				CLANG_ENABLE_OBJC_ARC = YES;
				CLANG_WARN_BOOL_CONVERSION = YES;
				CLANG_WARN_CONSTANT_CONVERSION = YES;
				CLANG_WARN_DIRECT_OBJC_ISA_USAGE = YES_ERROR;
				CLANG_WARN_EMPTY_BODY = YES;
				CLANG_WARN_ENUM_CONVERSION = YES;
				CLANG_WARN_INT_CONVERSION = YES;
				CLANG_WARN_OBJC_ROOT_CLASS = YES_ERROR;
				CLANG_WARN_UNREACHABLE_CODE = YES;
				CLANG_WARN__DUPLICATE_METHOD_MATCH = YES;
				CODE_SIGN_IDENTITY = "-";
				COPY_PHASE_STRIP = NO;
				DEBUG_INFORMATION_FORMAT = "dwarf-with-dsym";
				ENABLE_NS_ASSERTIONS = NO;
				ENABLE_STRICT_OBJC_MSGSEND = YES;
				GCC_C_LANGUAGE_STANDARD = gnu99;
				GCC_NO_COMMON_BLOCKS = YES;
				GCC_WARN_64_TO_32_BIT_CONVERSION = YES;
				GCC_WARN_ABOUT_RETURN_TYPE = YES_ERROR;
				GCC_WARN_UNDECLARED_SELECTOR = YES;
				GCC_WARN_UNINITIALIZED_AUTOS = YES_AGGRESSIVE;
				GCC_WARN_UNUSED_FUNCTION = YES;
				GCC_WARN_UNUSED_VARIABLE = YES;
				MACOSX_DEPLOYMENT_TARGET = 10.11;
				MTL_ENABLE_DEBUG_INFO = NO;
				SDKROOT = macosx;
			};
			name = Release;
		};
		7A3D04D71C418A0D00C56AE5 /* Debug */ = {
			isa = XCBuildConfiguration;
			buildSettings = {
				PRODUCT_NAME = "$(TARGET_NAME)";
			};
			name = Debug;
		};
		7A3D04D81C418A0D00C56AE5 /* Release */ = {
			isa = XCBuildConfiguration;
			buildSettings = {
				PRODUCT_NAME = "$(TARGET_NAME)";
			};
			name = Release;
		};
/* End XCBuildConfiguration section */

/* Begin XCConfigurationList section */
		7A3D04CA1C418A0D00C56AE5 /* Build configuration list for PBXProject "LISP" */ = {
			isa = XCConfigurationList;
			buildConfigurations = (
				7A3D04D41C418A0D00C56AE5 /* Debug */,
				7A3D04D51C418A0D00C56AE5 /* Release */,
			);
			defaultConfigurationIsVisible = 0;
			defaultConfigurationName = Release;
		};
		7A3D04D61C418A0D00C56AE5 /* Build configuration list for PBXNativeTarget "LISP" */ = {
			isa = XCConfigurationList;
			buildConfigurations = (
				7A3D04D71C418A0D00C56AE5 /* Debug */,
				7A3D04D81C418A0D00C56AE5 /* Release */,
			);
			defaultConfigurationIsVisible = 0;
			defaultConfigurationName = Release;
		};
/* End XCConfigurationList section */
	};
	rootObject = 7A3D04C71C418A0D00C56AE5 /* Project object */;
}
